
Microsoft Visual Studio Solution File, Format Version 12.00
# Visual Studio 15
VisualStudioVersion = 15.0.27130.2026
MinimumVisualStudioVersion = 10.0.40219.1
Project("{9092AA53-FB77-4645-B42D-1CCCA6BD08BD}") = "Helloworld", "Helloworld\Helloworld.njsproj", "{AD8F978C-7912-41B2-BBFD-2BFF5A885BBD}"
EndProject
Project("{9092AA53-FB77-4645-B42D-1CCCA6BD08BD}") = "ElectronSample", "ElectronSample\ElectronSample.njsproj", "{FC5BE640-BAAE-4D0B-AFE5-BFE73509BA83}"
EndProject
Global
	GlobalSection(SolutionConfigurationPlatforms) = preSolution
		Debug|Any CPU = Debug|Any CPU
		Release|Any CPU = Release|Any CPU
	EndGlobalSection
	GlobalSection(ProjectConfigurationPlatforms) = postSolution
		{AD8F978C-7912-41B2-BBFD-2BFF5A885BBD}.Debug|Any CPU.ActiveCfg = Debug|Any CPU
		{AD8F978C-7912-41B2-BBFD-2BFF5A885BBD}.Debug|Any CPU.Build.0 = Debug|Any CPU
		{AD8F978C-7912-41B2-BBFD-2BFF5A885BBD}.Release|Any CPU.ActiveCfg = Release|Any CPU
		{AD8F978C-7912-41B2-BBFD-2BFF5A885BBD}.Release|Any CPU.Build.0 = Release|Any CPU
		{FC5BE640-BAAE-4D0B-AFE5-BFE73509BA83}.Debug|Any CPU.ActiveCfg = Debug|Any CPU
		{FC5BE640-BAAE-4D0B-AFE5-BFE73509BA83}.Debug|Any CPU.Build.0 = Debug|Any CPU
		{FC5BE640-BAAE-4D0B-AFE5-BFE73509BA83}.Release|Any CPU.ActiveCfg = Release|Any CPU
		{FC5BE640-BAAE-4D0B-AFE5-BFE73509BA83}.Release|Any CPU.Build.0 = Release|Any CPU
	EndGlobalSection
	GlobalSection(SolutionProperties) = preSolution
		HideSolutionNode = FALSE
	EndGlobalSection
	GlobalSection(ExtensibilityGlobals) = postSolution
		SolutionGuid = {42182BD7-0B8D-4746-B285-3429FC9E1925}
	EndGlobalSection
EndGlobal
